
Microsoft Visual Studio Solution File, Format Version 12.00
# Visual Studio 14
VisualStudioVersion = 14.0.22609.0
MinimumVisualStudioVersion = 10.0.40219.1
Project("{FAE04EC0-301F-11D3-BF4B-00C04F79EFBC}") = "SGMenu", "UI\SGMenu\SGMenu.csproj", "{3677C4A7-E482-4205-B7F5-4316E9987187}"
EndProject
Project("{2150E333-8FDC-42A3-9474-1A3956D46DE8}") = "UI", "UI", "{EDAE4656-1555-4066-AF6F-8B0633AB9360}"
EndProject
Project("{2150E333-8FDC-42A3-9474-1A3956D46DE8}") = "SG", "SG", "{46B4E318-5A25-4614-86F5-EEEB26A43EAC}"
EndProject
Project("{FAE04EC0-301F-11D3-BF4B-00C04F79EFBC}") = "SGAgenda", "UI\SGAgenda\SGAgenda.csproj", "{88125DE5-7A39-4855-9F0B-E68126BEAF7D}"
EndProject
Project("{FAE04EC0-301F-11D3-BF4B-00C04F79EFBC}") = "SGCliente", "UI\SGCliente\SGCliente.csproj", "{FD76579B-35D3-4FE9-86FD-CF005431D46F}"
EndProject
Project("{FAE04EC0-301F-11D3-BF4B-00C04F79EFBC}") = "SGDistribuidor", "UI\SGDistribuidor\SGDistribuidor.csproj", "{C05B0821-0770-4AC7-BB92-7C5455B7F3A2}"
EndProject
Project("{FAE04EC0-301F-11D3-BF4B-00C04F79EFBC}") = "SGConfiguracao", "UI\SGConfiguracao\SGConfiguracao.csproj", "{F18B2F27-98AA-4156-ABB9-027321310565}"
EndProject
Project("{FAE04EC0-301F-11D3-BF4B-00C04F79EFBC}") = "SGRepositorio", "SG\SGRepositorio\SGRepositorio.csproj", "{F66CA7BE-5EDB-4005-88A6-18420EC044AC}"
EndProject
Project("{FAE04EC0-301F-11D3-BF4B-00C04F79EFBC}") = "SGEntidades", "SG\SGEntidades\SGEntidades.csproj", "{0B264AF3-4429-4DC1-A55E-C5DAA6E34B4B}"
EndProject
Project("{FAE04EC0-301F-11D3-BF4B-00C04F79EFBC}") = "SGServico", "SG\SGServico\SGServico.csproj", "{7BF4E391-D9CC-462A-80F5-0AE2497F52D3}"
EndProject
Project("{FAE04EC0-301F-11D3-BF4B-00C04F79EFBC}") = "SGProfissional", "SG\SGProfissional\SGProfissional.csproj", "{48119BBA-D774-4041-A637-49824ED9B39B}"
EndProject
Project("{FAE04EC0-301F-11D3-BF4B-00C04F79EFBC}") = "SGCore", "SG\SGCore\SGCore.csproj", "{C82DD9F8-20E3-48AA-9CDF-61C5F126AD7D}"
EndProject
Project("{FAE04EC0-301F-11D3-BF4B-00C04F79EFBC}") = "SGSistema", "SG\SGSistema\SGSistema.csproj", "{89517F90-7080-4A31-AB19-152178EBDC37}"
EndProject
Project("{FAE04EC0-301F-11D3-BF4B-00C04F79EFBC}") = "SGServicos", "UI\SGServicos\SGServicos.csproj", "{DE4D3D07-ED85-40D8-B03B-EBD28AEA44D5}"
EndProject
Project("{FAE04EC0-301F-11D3-BF4B-00C04F79EFBC}") = "SGGUIBase", "UI\SGGUIBase\SGGUIBase.csproj", "{9A59BB01-D647-4AAF-BC06-7DDD9900D977}"
EndProject
Project("{FAE04EC0-301F-11D3-BF4B-00C04F79EFBC}") = "SGPagamento", "SG\SGPagamento\SGPagamento.csproj", "{9F621B26-A7D0-4963-944D-2BE14A9D7A85}"
EndProject
Global
	GlobalSection(SolutionConfigurationPlatforms) = preSolution
		Debug|Any CPU = Debug|Any CPU
		Release|Any CPU = Release|Any CPU
	EndGlobalSection
	GlobalSection(ProjectConfigurationPlatforms) = postSolution
		{3677C4A7-E482-4205-B7F5-4316E9987187}.Debug|Any CPU.ActiveCfg = Debug|Any CPU
		{3677C4A7-E482-4205-B7F5-4316E9987187}.Debug|Any CPU.Build.0 = Debug|Any CPU
		{3677C4A7-E482-4205-B7F5-4316E9987187}.Release|Any CPU.ActiveCfg = Release|Any CPU
		{3677C4A7-E482-4205-B7F5-4316E9987187}.Release|Any CPU.Build.0 = Release|Any CPU
		{88125DE5-7A39-4855-9F0B-E68126BEAF7D}.Debug|Any CPU.ActiveCfg = Debug|Any CPU
		{88125DE5-7A39-4855-9F0B-E68126BEAF7D}.Debug|Any CPU.Build.0 = Debug|Any CPU
		{88125DE5-7A39-4855-9F0B-E68126BEAF7D}.Release|Any CPU.ActiveCfg = Release|Any CPU
		{88125DE5-7A39-4855-9F0B-E68126BEAF7D}.Release|Any CPU.Build.0 = Release|Any CPU
		{FD76579B-35D3-4FE9-86FD-CF005431D46F}.Debug|Any CPU.ActiveCfg = Debug|Any CPU
		{FD76579B-35D3-4FE9-86FD-CF005431D46F}.Debug|Any CPU.Build.0 = Debug|Any CPU
		{FD76579B-35D3-4FE9-86FD-CF005431D46F}.Release|Any CPU.ActiveCfg = Release|Any CPU
		{FD76579B-35D3-4FE9-86FD-CF005431D46F}.Release|Any CPU.Build.0 = Release|Any CPU
		{C05B0821-0770-4AC7-BB92-7C5455B7F3A2}.Debug|Any CPU.ActiveCfg = Debug|Any CPU
		{C05B0821-0770-4AC7-BB92-7C5455B7F3A2}.Debug|Any CPU.Build.0 = Debug|Any CPU
		{C05B0821-0770-4AC7-BB92-7C5455B7F3A2}.Release|Any CPU.ActiveCfg = Release|Any CPU
		{C05B0821-0770-4AC7-BB92-7C5455B7F3A2}.Release|Any CPU.Build.0 = Release|Any CPU
		{F18B2F27-98AA-4156-ABB9-027321310565}.Debug|Any CPU.ActiveCfg = Debug|Any CPU
		{F18B2F27-98AA-4156-ABB9-027321310565}.Debug|Any CPU.Build.0 = Debug|Any CPU
		{F18B2F27-98AA-4156-ABB9-027321310565}.Release|Any CPU.ActiveCfg = Release|Any CPU
		{F18B2F27-98AA-4156-ABB9-027321310565}.Release|Any CPU.Build.0 = Release|Any CPU
		{F66CA7BE-5EDB-4005-88A6-18420EC044AC}.Debug|Any CPU.ActiveCfg = Debug|Any CPU
		{F66CA7BE-5EDB-4005-88A6-18420EC044AC}.Debug|Any CPU.Build.0 = Debug|Any CPU
		{F66CA7BE-5EDB-4005-88A6-18420EC044AC}.Release|Any CPU.ActiveCfg = Release|Any CPU
		{F66CA7BE-5EDB-4005-88A6-18420EC044AC}.Release|Any CPU.Build.0 = Release|Any CPU
		{0B264AF3-4429-4DC1-A55E-C5DAA6E34B4B}.Debug|Any CPU.ActiveCfg = Debug|Any CPU
		{0B264AF3-4429-4DC1-A55E-C5DAA6E34B4B}.Debug|Any CPU.Build.0 = Debug|Any CPU
		{0B264AF3-4429-4DC1-A55E-C5DAA6E34B4B}.Release|Any CPU.ActiveCfg = Release|Any CPU
		{0B264AF3-4429-4DC1-A55E-C5DAA6E34B4B}.Release|Any CPU.Build.0 = Release|Any CPU
		{7BF4E391-D9CC-462A-80F5-0AE2497F52D3}.Debug|Any CPU.ActiveCfg = Debug|Any CPU
		{7BF4E391-D9CC-462A-80F5-0AE2497F52D3}.Debug|Any CPU.Build.0 = Debug|Any CPU
		{7BF4E391-D9CC-462A-80F5-0AE2497F52D3}.Release|Any CPU.ActiveCfg = Release|Any CPU
		{7BF4E391-D9CC-462A-80F5-0AE2497F52D3}.Release|Any CPU.Build.0 = Release|Any CPU
		{48119BBA-D774-4041-A637-49824ED9B39B}.Debug|Any CPU.ActiveCfg = Debug|Any CPU
		{48119BBA-D774-4041-A637-49824ED9B39B}.Debug|Any CPU.Build.0 = Debug|Any CPU
		{48119BBA-D774-4041-A637-49824ED9B39B}.Release|Any CPU.ActiveCfg = Release|Any CPU
		{48119BBA-D774-4041-A637-49824ED9B39B}.Release|Any CPU.Build.0 = Release|Any CPU
		{C82DD9F8-20E3-48AA-9CDF-61C5F126AD7D}.Debug|Any CPU.ActiveCfg = Debug|Any CPU
		{C82DD9F8-20E3-48AA-9CDF-61C5F126AD7D}.Debug|Any CPU.Build.0 = Debug|Any CPU
		{C82DD9F8-20E3-48AA-9CDF-61C5F126AD7D}.Release|Any CPU.ActiveCfg = Release|Any CPU
		{C82DD9F8-20E3-48AA-9CDF-61C5F126AD7D}.Release|Any CPU.Build.0 = Release|Any CPU
		{89517F90-7080-4A31-AB19-152178EBDC37}.Debug|Any CPU.ActiveCfg = Debug|Any CPU
		{89517F90-7080-4A31-AB19-152178EBDC37}.Debug|Any CPU.Build.0 = Debug|Any CPU
		{89517F90-7080-4A31-AB19-152178EBDC37}.Release|Any CPU.ActiveCfg = Release|Any CPU
		{89517F90-7080-4A31-AB19-152178EBDC37}.Release|Any CPU.Build.0 = Release|Any CPU
		{DE4D3D07-ED85-40D8-B03B-EBD28AEA44D5}.Debug|Any CPU.ActiveCfg = Debug|Any CPU
		{DE4D3D07-ED85-40D8-B03B-EBD28AEA44D5}.Debug|Any CPU.Build.0 = Debug|Any CPU
		{DE4D3D07-ED85-40D8-B03B-EBD28AEA44D5}.Release|Any CPU.ActiveCfg = Release|Any CPU
		{DE4D3D07-ED85-40D8-B03B-EBD28AEA44D5}.Release|Any CPU.Build.0 = Release|Any CPU
		{9A59BB01-D647-4AAF-BC06-7DDD9900D977}.Debug|Any CPU.ActiveCfg = Debug|Any CPU
		{9A59BB01-D647-4AAF-BC06-7DDD9900D977}.Debug|Any CPU.Build.0 = Debug|Any CPU
		{9A59BB01-D647-4AAF-BC06-7DDD9900D977}.Release|Any CPU.ActiveCfg = Release|Any CPU
		{9A59BB01-D647-4AAF-BC06-7DDD9900D977}.Release|Any CPU.Build.0 = Release|Any CPU
		{9F621B26-A7D0-4963-944D-2BE14A9D7A85}.Debug|Any CPU.ActiveCfg = Debug|Any CPU
		{9F621B26-A7D0-4963-944D-2BE14A9D7A85}.Debug|Any CPU.Build.0 = Debug|Any CPU
		{9F621B26-A7D0-4963-944D-2BE14A9D7A85}.Release|Any CPU.ActiveCfg = Release|Any CPU
		{9F621B26-A7D0-4963-944D-2BE14A9D7A85}.Release|Any CPU.Build.0 = Release|Any CPU
	EndGlobalSection
	GlobalSection(SolutionProperties) = preSolution
		HideSolutionNode = FALSE
	EndGlobalSection
	GlobalSection(NestedProjects) = preSolution
		{3677C4A7-E482-4205-B7F5-4316E9987187} = {EDAE4656-1555-4066-AF6F-8B0633AB9360}
		{88125DE5-7A39-4855-9F0B-E68126BEAF7D} = {EDAE4656-1555-4066-AF6F-8B0633AB9360}
		{FD76579B-35D3-4FE9-86FD-CF005431D46F} = {EDAE4656-1555-4066-AF6F-8B0633AB9360}
		{C05B0821-0770-4AC7-BB92-7C5455B7F3A2} = {EDAE4656-1555-4066-AF6F-8B0633AB9360}
		{F18B2F27-98AA-4156-ABB9-027321310565} = {EDAE4656-1555-4066-AF6F-8B0633AB9360}
		{F66CA7BE-5EDB-4005-88A6-18420EC044AC} = {46B4E318-5A25-4614-86F5-EEEB26A43EAC}
		{0B264AF3-4429-4DC1-A55E-C5DAA6E34B4B} = {46B4E318-5A25-4614-86F5-EEEB26A43EAC}
		{7BF4E391-D9CC-462A-80F5-0AE2497F52D3} = {46B4E318-5A25-4614-86F5-EEEB26A43EAC}
		{48119BBA-D774-4041-A637-49824ED9B39B} = {EDAE4656-1555-4066-AF6F-8B0633AB9360}
		{C82DD9F8-20E3-48AA-9CDF-61C5F126AD7D} = {46B4E318-5A25-4614-86F5-EEEB26A43EAC}
		{89517F90-7080-4A31-AB19-152178EBDC37} = {46B4E318-5A25-4614-86F5-EEEB26A43EAC}
		{DE4D3D07-ED85-40D8-B03B-EBD28AEA44D5} = {EDAE4656-1555-4066-AF6F-8B0633AB9360}
		{9A59BB01-D647-4AAF-BC06-7DDD9900D977} = {EDAE4656-1555-4066-AF6F-8B0633AB9360}
		{9F621B26-A7D0-4963-944D-2BE14A9D7A85} = {EDAE4656-1555-4066-AF6F-8B0633AB9360}
	EndGlobalSection
EndGlobal
